
Microsoft Visual Studio Solution File, Format Version 12.00
# Visual Studio 2012
Project("{FAE04EC0-301F-11D3-BF4B-00C04F79EFBC}") = "Hw6 FiveStoneChess", "Hw6 FiveStoneChess\Hw6 FiveStoneChess.csproj", "{CEE28CF5-A170-43D1-B246-E27A8427AFD8}"
EndProject
Global
	GlobalSection(SolutionConfigurationPlatforms) = preSolution
		Debug|Any CPU = Debug|Any CPU
		Release|Any CPU = Release|Any CPU
	EndGlobalSection
	GlobalSection(ProjectConfigurationPlatforms) = postSolution
		{CEE28CF5-A170-43D1-B246-E27A8427AFD8}.Debug|Any CPU.ActiveCfg = Debug|Any CPU
		{CEE28CF5-A170-43D1-B246-E27A8427AFD8}.Debug|Any CPU.Build.0 = Debug|Any CPU
		{CEE28CF5-A170-43D1-B246-E27A8427AFD8}.Release|Any CPU.ActiveCfg = Release|Any CPU
		{CEE28CF5-A170-43D1-B246-E27A8427AFD8}.Release|Any CPU.Build.0 = Release|Any CPU
	EndGlobalSection
	GlobalSection(SolutionProperties) = preSolution
		HideSolutionNode = FALSE
	EndGlobalSection
EndGlobal
